
Microsoft Visual Studio Solution File, Format Version 12.00
# Visual Studio Version 17
VisualStudioVersion = 17.2.32616.157
MinimumVisualStudioVersion = 10.0.40219.1
Project("{9A19103F-16F7-4668-BE54-9A1E7A4F7556}") = "WolfTaxi_WPF", "WolfTaxi_WPF\WolfTaxi_WPF.csproj", "{FC5357C4-4E94-44AF-A171-5D61D3303510}"
EndProject
Global
	GlobalSection(SolutionConfigurationPlatforms) = preSolution
		Debug|Any CPU = Debug|Any CPU
		Release|Any CPU = Release|Any CPU
	EndGlobalSection
	GlobalSection(ProjectConfigurationPlatforms) = postSolution
		{FC5357C4-4E94-44AF-A171-5D61D3303510}.Debug|Any CPU.ActiveCfg = Debug|Any CPU
		{FC5357C4-4E94-44AF-A171-5D61D3303510}.Debug|Any CPU.Build.0 = Debug|Any CPU
		{FC5357C4-4E94-44AF-A171-5D61D3303510}.Release|Any CPU.ActiveCfg = Release|Any CPU
		{FC5357C4-4E94-44AF-A171-5D61D3303510}.Release|Any CPU.Build.0 = Release|Any CPU
	EndGlobalSection
	GlobalSection(SolutionProperties) = preSolution
		HideSolutionNode = FALSE
	EndGlobalSection
	GlobalSection(ExtensibilityGlobals) = postSolution
		SolutionGuid = {B3825DD6-8347-409E-9C92-153F7DFF42CB}
	EndGlobalSection
EndGlobal
